
Microsoft Visual Studio Solution File, Format Version 12.00
# Visual Studio 15
VisualStudioVersion = 15.0.34031.82
MinimumVisualStudioVersion = 10.0.40219.1
Project("{FAE04EC0-301F-11D3-BF4B-00C04F79EFBC}") = "inversiones.Android", "inversiones\inversiones.Android\inversiones.Android.csproj", "{4FAD2531-CABD-42C4-8AC7-0B44718A79EE}"
EndProject
Project("{FAE04EC0-301F-11D3-BF4B-00C04F79EFBC}") = "inversiones.iOS", "inversiones\inversiones.iOS\inversiones.iOS.csproj", "{19ED7DF0-3989-4860-9AC9-FE0534F52036}"
EndProject
Project("{FAE04EC0-301F-11D3-BF4B-00C04F79EFBC}") = "inversiones", "inversiones\inversiones\inversiones.csproj", "{97D0B168-31B8-4646-B771-8B5EA9532C3C}"
EndProject
Global
	GlobalSection(SolutionConfigurationPlatforms) = preSolution
		Ad-Hoc|Any CPU = Ad-Hoc|Any CPU
		Ad-Hoc|iPhone = Ad-Hoc|iPhone
		Ad-Hoc|iPhoneSimulator = Ad-Hoc|iPhoneSimulator
		AppStore|Any CPU = AppStore|Any CPU
		AppStore|iPhone = AppStore|iPhone
		AppStore|iPhoneSimulator = AppStore|iPhoneSimulator
		Debug|Any CPU = Debug|Any CPU
		Debug|iPhone = Debug|iPhone
		Debug|iPhoneSimulator = Debug|iPhoneSimulator
		Release|Any CPU = Release|Any CPU
		Release|iPhone = Release|iPhone
		Release|iPhoneSimulator = Release|iPhoneSimulator
	EndGlobalSection
	GlobalSection(ProjectConfigurationPlatforms) = postSolution
		{4FAD2531-CABD-42C4-8AC7-0B44718A79EE}.Ad-Hoc|Any CPU.ActiveCfg = Release|Any CPU
		{4FAD2531-CABD-42C4-8AC7-0B44718A79EE}.Ad-Hoc|Any CPU.Build.0 = Release|Any CPU
		{4FAD2531-CABD-42C4-8AC7-0B44718A79EE}.Ad-Hoc|Any CPU.Deploy.0 = Release|Any CPU
		{4FAD2531-CABD-42C4-8AC7-0B44718A79EE}.Ad-Hoc|iPhone.ActiveCfg = Release|Any CPU
		{4FAD2531-CABD-42C4-8AC7-0B44718A79EE}.Ad-Hoc|iPhone.Build.0 = Release|Any CPU
		{4FAD2531-CABD-42C4-8AC7-0B44718A79EE}.Ad-Hoc|iPhone.Deploy.0 = Release|Any CPU
		{4FAD2531-CABD-42C4-8AC7-0B44718A79EE}.Ad-Hoc|iPhoneSimulator.ActiveCfg = Release|Any CPU
		{4FAD2531-CABD-42C4-8AC7-0B44718A79EE}.Ad-Hoc|iPhoneSimulator.Build.0 = Release|Any CPU
		{4FAD2531-CABD-42C4-8AC7-0B44718A79EE}.Ad-Hoc|iPhoneSimulator.Deploy.0 = Release|Any CPU
		{4FAD2531-CABD-42C4-8AC7-0B44718A79EE}.AppStore|Any CPU.ActiveCfg = Release|Any CPU
		{4FAD2531-CABD-42C4-8AC7-0B44718A79EE}.AppStore|Any CPU.Build.0 = Release|Any CPU
		{4FAD2531-CABD-42C4-8AC7-0B44718A79EE}.AppStore|Any CPU.Deploy.0 = Release|Any CPU
		{4FAD2531-CABD-42C4-8AC7-0B44718A79EE}.AppStore|iPhone.ActiveCfg = Release|Any CPU
		{4FAD2531-CABD-42C4-8AC7-0B44718A79EE}.AppStore|iPhone.Build.0 = Release|Any CPU
		{4FAD2531-CABD-42C4-8AC7-0B44718A79EE}.AppStore|iPhone.Deploy.0 = Release|Any CPU
		{4FAD2531-CABD-42C4-8AC7-0B44718A79EE}.AppStore|iPhoneSimulator.ActiveCfg = Release|Any CPU
		{4FAD2531-CABD-42C4-8AC7-0B44718A79EE}.AppStore|iPhoneSimulator.Build.0 = Release|Any CPU
		{4FAD2531-CABD-42C4-8AC7-0B44718A79EE}.AppStore|iPhoneSimulator.Deploy.0 = Release|Any CPU
		{4FAD2531-CABD-42C4-8AC7-0B44718A79EE}.Debug|Any CPU.ActiveCfg = Debug|Any CPU
		{4FAD2531-CABD-42C4-8AC7-0B44718A79EE}.Debug|Any CPU.Build.0 = Debug|Any CPU
		{4FAD2531-CABD-42C4-8AC7-0B44718A79EE}.Debug|Any CPU.Deploy.0 = Debug|Any CPU
		{4FAD2531-CABD-42C4-8AC7-0B44718A79EE}.Debug|iPhone.ActiveCfg = Debug|Any CPU
		{4FAD2531-CABD-42C4-8AC7-0B44718A79EE}.Debug|iPhone.Build.0 = Debug|Any CPU
		{4FAD2531-CABD-42C4-8AC7-0B44718A79EE}.Debug|iPhone.Deploy.0 = Debug|Any CPU
		{4FAD2531-CABD-42C4-8AC7-0B44718A79EE}.Debug|iPhoneSimulator.ActiveCfg = Debug|Any CPU
		{4FAD2531-CABD-42C4-8AC7-0B44718A79EE}.Debug|iPhoneSimulator.Build.0 = Debug|Any CPU
		{4FAD2531-CABD-42C4-8AC7-0B44718A79EE}.Debug|iPhoneSimulator.Deploy.0 = Debug|Any CPU
		{4FAD2531-CABD-42C4-8AC7-0B44718A79EE}.Release|Any CPU.ActiveCfg = Release|Any CPU
		{4FAD2531-CABD-42C4-8AC7-0B44718A79EE}.Release|Any CPU.Build.0 = Release|Any CPU
		{4FAD2531-CABD-42C4-8AC7-0B44718A79EE}.Release|Any CPU.Deploy.0 = Release|Any CPU
		{4FAD2531-CABD-42C4-8AC7-0B44718A79EE}.Release|iPhone.ActiveCfg = Release|Any CPU
		{4FAD2531-CABD-42C4-8AC7-0B44718A79EE}.Release|iPhone.Build.0 = Release|Any CPU
		{4FAD2531-CABD-42C4-8AC7-0B44718A79EE}.Release|iPhone.Deploy.0 = Release|Any CPU
		{4FAD2531-CABD-42C4-8AC7-0B44718A79EE}.Release|iPhoneSimulator.ActiveCfg = Release|Any CPU
		{4FAD2531-CABD-42C4-8AC7-0B44718A79EE}.Release|iPhoneSimulator.Build.0 = Release|Any CPU
		{4FAD2531-CABD-42C4-8AC7-0B44718A79EE}.Release|iPhoneSimulator.Deploy.0 = Release|Any CPU
		{19ED7DF0-3989-4860-9AC9-FE0534F52036}.Ad-Hoc|Any CPU.ActiveCfg = Ad-Hoc|iPhone
		{19ED7DF0-3989-4860-9AC9-FE0534F52036}.Ad-Hoc|Any CPU.Build.0 = Ad-Hoc|iPhone
		{19ED7DF0-3989-4860-9AC9-FE0534F52036}.Ad-Hoc|Any CPU.Deploy.0 = Ad-Hoc|iPhone
		{19ED7DF0-3989-4860-9AC9-FE0534F52036}.Ad-Hoc|iPhone.ActiveCfg = Ad-Hoc|iPhone
		{19ED7DF0-3989-4860-9AC9-FE0534F52036}.Ad-Hoc|iPhone.Build.0 = Ad-Hoc|iPhone
		{19ED7DF0-3989-4860-9AC9-FE0534F52036}.Ad-Hoc|iPhone.Deploy.0 = Ad-Hoc|iPhone
		{19ED7DF0-3989-4860-9AC9-FE0534F52036}.Ad-Hoc|iPhoneSimulator.ActiveCfg = Ad-Hoc|iPhoneSimulator
		{19ED7DF0-3989-4860-9AC9-FE0534F52036}.Ad-Hoc|iPhoneSimulator.Build.0 = Ad-Hoc|iPhoneSimulator
		{19ED7DF0-3989-4860-9AC9-FE0534F52036}.Ad-Hoc|iPhoneSimulator.Deploy.0 = Ad-Hoc|iPhoneSimulator
		{19ED7DF0-3989-4860-9AC9-FE0534F52036}.AppStore|Any CPU.ActiveCfg = AppStore|iPhone
		{19ED7DF0-3989-4860-9AC9-FE0534F52036}.AppStore|Any CPU.Build.0 = AppStore|iPhone
		{19ED7DF0-3989-4860-9AC9-FE0534F52036}.AppStore|Any CPU.Deploy.0 = AppStore|iPhone
		{19ED7DF0-3989-4860-9AC9-FE0534F52036}.AppStore|iPhone.ActiveCfg = AppStore|iPhone
		{19ED7DF0-3989-4860-9AC9-FE0534F52036}.AppStore|iPhone.Build.0 = AppStore|iPhone
		{19ED7DF0-3989-4860-9AC9-FE0534F52036}.AppStore|iPhone.Deploy.0 = AppStore|iPhone
		{19ED7DF0-3989-4860-9AC9-FE0534F52036}.AppStore|iPhoneSimulator.ActiveCfg = AppStore|iPhoneSimulator
		{19ED7DF0-3989-4860-9AC9-FE0534F52036}.AppStore|iPhoneSimulator.Build.0 = AppStore|iPhoneSimulator
		{19ED7DF0-3989-4860-9AC9-FE0534F52036}.AppStore|iPhoneSimulator.Deploy.0 = AppStore|iPhoneSimulator
		{19ED7DF0-3989-4860-9AC9-FE0534F52036}.Debug|Any CPU.ActiveCfg = Debug|iPhoneSimulator
		{19ED7DF0-3989-4860-9AC9-FE0534F52036}.Debug|Any CPU.Build.0 = Debug|iPhoneSimulator
		{19ED7DF0-3989-4860-9AC9-FE0534F52036}.Debug|Any CPU.Deploy.0 = Debug|iPhoneSimulator
		{19ED7DF0-3989-4860-9AC9-FE0534F52036}.Debug|iPhone.ActiveCfg = Debug|iPhone
		{19ED7DF0-3989-4860-9AC9-FE0534F52036}.Debug|iPhone.Build.0 = Debug|iPhone
		{19ED7DF0-3989-4860-9AC9-FE0534F52036}.Debug|iPhone.Deploy.0 = Debug|iPhone
		{19ED7DF0-3989-4860-9AC9-FE0534F52036}.Debug|iPhoneSimulator.ActiveCfg = Debug|iPhoneSimulator
		{19ED7DF0-3989-4860-9AC9-FE0534F52036}.Debug|iPhoneSimulator.Build.0 = Debug|iPhoneSimulator
		{19ED7DF0-3989-4860-9AC9-FE0534F52036}.Debug|iPhoneSimulator.Deploy.0 = Debug|iPhoneSimulator
		{19ED7DF0-3989-4860-9AC9-FE0534F52036}.Release|Any CPU.ActiveCfg = Release|iPhone
		{19ED7DF0-3989-4860-9AC9-FE0534F52036}.Release|Any CPU.Build.0 = Release|iPhone
		{19ED7DF0-3989-4860-9AC9-FE0534F52036}.Release|Any CPU.Deploy.0 = Release|iPhone
		{19ED7DF0-3989-4860-9AC9-FE0534F52036}.Release|iPhone.ActiveCfg = Release|iPhone
		{19ED7DF0-3989-4860-9AC9-FE0534F52036}.Release|iPhone.Build.0 = Release|iPhone
		{19ED7DF0-3989-4860-9AC9-FE0534F52036}.Release|iPhone.Deploy.0 = Release|iPhone
		{19ED7DF0-3989-4860-9AC9-FE0534F52036}.Release|iPhoneSimulator.ActiveCfg = Release|iPhoneSimulator
		{19ED7DF0-3989-4860-9AC9-FE0534F52036}.Release|iPhoneSimulator.Build.0 = Release|iPhoneSimulator
		{19ED7DF0-3989-4860-9AC9-FE0534F52036}.Release|iPhoneSimulator.Deploy.0 = Release|iPhoneSimulator
		{97D0B168-31B8-4646-B771-8B5EA9532C3C}.Ad-Hoc|Any CPU.ActiveCfg = Debug|Any CPU
		{97D0B168-31B8-4646-B771-8B5EA9532C3C}.Ad-Hoc|Any CPU.Build.0 = Debug|Any CPU
		{97D0B168-31B8-4646-B771-8B5EA9532C3C}.Ad-Hoc|Any CPU.Deploy.0 = Debug|Any CPU
		{97D0B168-31B8-4646-B771-8B5EA9532C3C}.Ad-Hoc|iPhone.ActiveCfg = Debug|Any CPU
		{97D0B168-31B8-4646-B771-8B5EA9532C3C}.Ad-Hoc|iPhone.Build.0 = Debug|Any CPU
		{97D0B168-31B8-4646-B771-8B5EA9532C3C}.Ad-Hoc|iPhone.Deploy.0 = Debug|Any CPU
		{97D0B168-31B8-4646-B771-8B5EA9532C3C}.Ad-Hoc|iPhoneSimulator.ActiveCfg = Debug|Any CPU
		{97D0B168-31B8-4646-B771-8B5EA9532C3C}.Ad-Hoc|iPhoneSimulator.Build.0 = Debug|Any CPU
		{97D0B168-31B8-4646-B771-8B5EA9532C3C}.Ad-Hoc|iPhoneSimulator.Deploy.0 = Debug|Any CPU
		{97D0B168-31B8-4646-B771-8B5EA9532C3C}.AppStore|Any CPU.ActiveCfg = Debug|Any CPU
		{97D0B168-31B8-4646-B771-8B5EA9532C3C}.AppStore|Any CPU.Build.0 = Debug|Any CPU
		{97D0B168-31B8-4646-B771-8B5EA9532C3C}.AppStore|Any CPU.Deploy.0 = Debug|Any CPU
		{97D0B168-31B8-4646-B771-8B5EA9532C3C}.AppStore|iPhone.ActiveCfg = Debug|Any CPU
		{97D0B168-31B8-4646-B771-8B5EA9532C3C}.AppStore|iPhone.Build.0 = Debug|Any CPU
		{97D0B168-31B8-4646-B771-8B5EA9532C3C}.AppStore|iPhone.Deploy.0 = Debug|Any CPU
		{97D0B168-31B8-4646-B771-8B5EA9532C3C}.AppStore|iPhoneSimulator.ActiveCfg = Debug|Any CPU
		{97D0B168-31B8-4646-B771-8B5EA9532C3C}.AppStore|iPhoneSimulator.Build.0 = Debug|Any CPU
		{97D0B168-31B8-4646-B771-8B5EA9532C3C}.AppStore|iPhoneSimulator.Deploy.0 = Debug|Any CPU
		{97D0B168-31B8-4646-B771-8B5EA9532C3C}.Debug|Any CPU.ActiveCfg = Debug|Any CPU
		{97D0B168-31B8-4646-B771-8B5EA9532C3C}.Debug|Any CPU.Build.0 = Debug|Any CPU
		{97D0B168-31B8-4646-B771-8B5EA9532C3C}.Debug|Any CPU.Deploy.0 = Debug|Any CPU
		{97D0B168-31B8-4646-B771-8B5EA9532C3C}.Debug|iPhone.ActiveCfg = Debug|Any CPU
		{97D0B168-31B8-4646-B771-8B5EA9532C3C}.Debug|iPhone.Build.0 = Debug|Any CPU
		{97D0B168-31B8-4646-B771-8B5EA9532C3C}.Debug|iPhone.Deploy.0 = Debug|Any CPU
		{97D0B168-31B8-4646-B771-8B5EA9532C3C}.Debug|iPhoneSimulator.ActiveCfg = Debug|Any CPU
		{97D0B168-31B8-4646-B771-8B5EA9532C3C}.Debug|iPhoneSimulator.Build.0 = Debug|Any CPU
		{97D0B168-31B8-4646-B771-8B5EA9532C3C}.Debug|iPhoneSimulator.Deploy.0 = Debug|Any CPU
		{97D0B168-31B8-4646-B771-8B5EA9532C3C}.Release|Any CPU.ActiveCfg = Release|Any CPU
		{97D0B168-31B8-4646-B771-8B5EA9532C3C}.Release|Any CPU.Build.0 = Release|Any CPU
		{97D0B168-31B8-4646-B771-8B5EA9532C3C}.Release|Any CPU.Deploy.0 = Release|Any CPU
		{97D0B168-31B8-4646-B771-8B5EA9532C3C}.Release|iPhone.ActiveCfg = Release|Any CPU
		{97D0B168-31B8-4646-B771-8B5EA9532C3C}.Release|iPhone.Build.0 = Release|Any CPU
		{97D0B168-31B8-4646-B771-8B5EA9532C3C}.Release|iPhone.Deploy.0 = Release|Any CPU
		{97D0B168-31B8-4646-B771-8B5EA9532C3C}.Release|iPhoneSimulator.ActiveCfg = Release|Any CPU
		{97D0B168-31B8-4646-B771-8B5EA9532C3C}.Release|iPhoneSimulator.Build.0 = Release|Any CPU
		{97D0B168-31B8-4646-B771-8B5EA9532C3C}.Release|iPhoneSimulator.Deploy.0 = Release|Any CPU
	EndGlobalSection
	GlobalSection(SolutionProperties) = preSolution
		HideSolutionNode = FALSE
	EndGlobalSection
	GlobalSection(ExtensibilityGlobals) = postSolution
		SolutionGuid = {5060D85D-B0A8-40DF-A660-4979FCFC9091}
	EndGlobalSection
EndGlobal
